// !$*UTF8*$!
{
	archiveVersion = 1;
	classes = {
	};
	objectVersion = 46;
	objects = {

/* Begin PBXBuildFile section */
		86156BE91ED593A20090D914 /* FileDestination.swift in Sources */ = {isa = PBXBuildFile; fileRef = 86156BE81ED593A20090D914 /* FileDestination.swift */; };
		86156BEB1ED593B40090D914 /* LogLebel.swift in Sources */ = {isa = PBXBuildFile; fileRef = 86156BEA1ED593B40090D914 /* LogLebel.swift */; };
		86156BED1ED593D70090D914 /* LoggerSettings.swift in Sources */ = {isa = PBXBuildFile; fileRef = 86156BEC1ED593D70090D914 /* LoggerSettings.swift */; };
		86156BEF1ED594020090D914 /* String+SwiftyLogger.swift in Sources */ = {isa = PBXBuildFile; fileRef = 86156BEE1ED594020090D914 /* String+SwiftyLogger.swift */; };
		OBJ_20 /* SwiftyLogger.swift in Sources */ = {isa = PBXBuildFile; fileRef = OBJ_8 /* SwiftyLogger.swift */; };
		OBJ_27 /* SwiftyLoggerTests.swift in Sources */ = {isa = PBXBuildFile; fileRef = OBJ_11 /* SwiftyLoggerTests.swift */; };
		OBJ_29 /* SwiftyLogger.framework in Frameworks */ = {isa = PBXBuildFile; fileRef = OBJ_13 /* SwiftyLogger.framework */; };
/* End PBXBuildFile section */

/* Begin PBXContainerItemProxy section */
		86156BE71ED5937D0090D914 /* PBXContainerItemProxy */ = {
			isa = PBXContainerItemProxy;
			containerPortal = OBJ_1 /* Project object */;
			proxyType = 1;
			remoteGlobalIDString = OBJ_15;
			remoteInfo = SwiftyLogger;
		};
/* End PBXContainerItemProxy section */

/* Begin PBXFileReference section */
		86156BE81ED593A20090D914 /* FileDestination.swift */ = {isa = PBXFileReference; fileEncoding = 4; lastKnownFileType = sourcecode.swift; path = FileDestination.swift; sourceTree = "<group>"; };
		86156BEA1ED593B40090D914 /* LogLebel.swift */ = {isa = PBXFileReference; fileEncoding = 4; lastKnownFileType = sourcecode.swift; path = LogLebel.swift; sourceTree = "<group>"; };
		86156BEC1ED593D70090D914 /* LoggerSettings.swift */ = {isa = PBXFileReference; fileEncoding = 4; lastKnownFileType = sourcecode.swift; path = LoggerSettings.swift; sourceTree = "<group>"; };
		86156BEE1ED594020090D914 /* String+SwiftyLogger.swift */ = {isa = PBXFileReference; fileEncoding = 4; lastKnownFileType = sourcecode.swift; path = "String+SwiftyLogger.swift"; sourceTree = "<group>"; };
		OBJ_11 /* SwiftyLoggerTests.swift */ = {isa = PBXFileReference; lastKnownFileType = sourcecode.swift; path = SwiftyLoggerTests.swift; sourceTree = "<group>"; };
		OBJ_13 /* SwiftyLogger.framework */ = {isa = PBXFileReference; explicitFileType = wrapper.framework; path = SwiftyLogger.framework; sourceTree = BUILT_PRODUCTS_DIR; };
		OBJ_14 /* SwiftyLoggerTests.xctest */ = {isa = PBXFileReference; lastKnownFileType = file; path = SwiftyLoggerTests.xctest; sourceTree = BUILT_PRODUCTS_DIR; };
		OBJ_6 /* Package.swift */ = {isa = PBXFileReference; explicitFileType = sourcecode.swift; path = Package.swift; sourceTree = "<group>"; };
		OBJ_8 /* SwiftyLogger.swift */ = {isa = PBXFileReference; lastKnownFileType = sourcecode.swift; path = SwiftyLogger.swift; sourceTree = "<group>"; };
/* End PBXFileReference section */

/* Begin PBXFrameworksBuildPhase section */
		OBJ_21 /* Frameworks */ = {
			isa = PBXFrameworksBuildPhase;
			buildActionMask = 0;
			files = (
			);
			runOnlyForDeploymentPostprocessing = 0;
		};
		OBJ_28 /* Frameworks */ = {
			isa = PBXFrameworksBuildPhase;
			buildActionMask = 0;
			files = (
				OBJ_29 /* SwiftyLogger.framework in Frameworks */,
			);
			runOnlyForDeploymentPostprocessing = 0;
		};
/* End PBXFrameworksBuildPhase section */

/* Begin PBXGroup section */
		OBJ_10 /* SwiftyLoggerTests */ = {
			isa = PBXGroup;
			children = (
				OBJ_11 /* SwiftyLoggerTests.swift */,
			);
			name = SwiftyLoggerTests;
			path = Tests/SwiftyLoggerTests;
			sourceTree = SOURCE_ROOT;
		};
		OBJ_12 /* Products */ = {
			isa = PBXGroup;
			children = (
				OBJ_13 /* SwiftyLogger.framework */,
				OBJ_14 /* SwiftyLoggerTests.xctest */,
			);
			name = Products;
			sourceTree = BUILT_PRODUCTS_DIR;
		};
		OBJ_5 /*  */ = {
			isa = PBXGroup;
			children = (
				OBJ_6 /* Package.swift */,
				OBJ_7 /* Sources */,
				OBJ_9 /* Tests */,
				OBJ_12 /* Products */,
			);
			name = "";
			sourceTree = "<group>";
		};
		OBJ_7 /* Sources */ = {
			isa = PBXGroup;
			children = (
				OBJ_8 /* SwiftyLogger.swift */,
				86156BE81ED593A20090D914 /* FileDestination.swift */,
				86156BEA1ED593B40090D914 /* LogLebel.swift */,
				86156BEC1ED593D70090D914 /* LoggerSettings.swift */,
				86156BEE1ED594020090D914 /* String+SwiftyLogger.swift */,
			);
			path = Sources;
			sourceTree = SOURCE_ROOT;
		};
		OBJ_9 /* Tests */ = {
			isa = PBXGroup;
			children = (
				OBJ_10 /* SwiftyLoggerTests */,
			);
			name = Tests;
			sourceTree = SOURCE_ROOT;
		};
/* End PBXGroup section */

/* Begin PBXNativeTarget section */
		OBJ_15 /* SwiftyLogger */ = {
			isa = PBXNativeTarget;
			buildConfigurationList = OBJ_16 /* Build configuration list for PBXNativeTarget "SwiftyLogger" */;
			buildPhases = (
				OBJ_19 /* Sources */,
				OBJ_21 /* Frameworks */,
			);
			buildRules = (
			);
			dependencies = (
			);
			name = SwiftyLogger;
			productName = SwiftyLogger;
			productReference = OBJ_13 /* SwiftyLogger.framework */;
			productType = "com.apple.product-type.framework";
		};
		OBJ_22 /* SwiftyLoggerTests */ = {
			isa = PBXNativeTarget;
			buildConfigurationList = OBJ_23 /* Build configuration list for PBXNativeTarget "SwiftyLoggerTests" */;
			buildPhases = (
				OBJ_26 /* Sources */,
				OBJ_28 /* Frameworks */,
			);
			buildRules = (
			);
			dependencies = (
				OBJ_30 /* PBXTargetDependency */,
			);
			name = SwiftyLoggerTests;
			productName = SwiftyLoggerTests;
			productReference = OBJ_14 /* SwiftyLoggerTests.xctest */;
			productType = "com.apple.product-type.bundle.unit-test";
		};
/* End PBXNativeTarget section */

/* Begin PBXProject section */
		OBJ_1 /* Project object */ = {
			isa = PBXProject;
			attributes = {
				LastUpgradeCheck = 9999;
			};
			buildConfigurationList = OBJ_2 /* Build configuration list for PBXProject "SwiftyLogger" */;
			compatibilityVersion = "Xcode 3.2";
			developmentRegion = English;
			hasScannedForEncodings = 0;
			knownRegions = (
				en,
			);
			mainGroup = OBJ_5 /*  */;
			productRefGroup = OBJ_12 /* Products */;
			projectDirPath = "";
			projectRoot = "";
			targets = (
				OBJ_15 /* SwiftyLogger */,
				OBJ_22 /* SwiftyLoggerTests */,
			);
		};
/* End PBXProject section */

/* Begin PBXSourcesBuildPhase section */
		OBJ_19 /* Sources */ = {
			isa = PBXSourcesBuildPhase;
			buildActionMask = 0;
			files = (
				86156BED1ED593D70090D914 /* LoggerSettings.swift in Sources */,
				86156BEB1ED593B40090D914 /* LogLebel.swift in Sources */,
				86156BE91ED593A20090D914 /* FileDestination.swift in Sources */,
				OBJ_20 /* SwiftyLogger.swift in Sources */,
				86156BEF1ED594020090D914 /* String+SwiftyLogger.swift in Sources */,
			);
			runOnlyForDeploymentPostprocessing = 0;
		};
		OBJ_26 /* Sources */ = {
			isa = PBXSourcesBuildPhase;
			buildActionMask = 0;
			files = (
				OBJ_27 /* SwiftyLoggerTests.swift in Sources */,
			);
			runOnlyForDeploymentPostprocessing = 0;
		};
/* End PBXSourcesBuildPhase section */

/* Begin PBXTargetDependency section */
		OBJ_30 /* PBXTargetDependency */ = {
			isa = PBXTargetDependency;
			target = OBJ_15 /* SwiftyLogger */;
			targetProxy = 86156BE71ED5937D0090D914 /* PBXContainerItemProxy */;
		};
/* End PBXTargetDependency section */

/* Begin XCBuildConfiguration section */
		OBJ_17 /* Debug */ = {
			isa = XCBuildConfiguration;
			buildSettings = {
				ENABLE_TESTABILITY = YES;
				FRAMEWORK_SEARCH_PATHS = (
					"$(inherited)",
					"$(PLATFORM_DIR)/Developer/Library/Frameworks",
				);
				HEADER_SEARCH_PATHS = "$(inherited)";
				INFOPLIST_FILE = SwiftyLogger.xcodeproj/SwiftyLogger_Info.plist;
				LD_RUNPATH_SEARCH_PATHS = "$(TOOLCHAIN_DIR)/usr/lib/swift/macosx";
				OTHER_LDFLAGS = "$(inherited)";
				OTHER_SWIFT_FLAGS = "$(inherited)";
				PRODUCT_BUNDLE_IDENTIFIER = SwiftyLogger;
				PRODUCT_MODULE_NAME = "$(TARGET_NAME:c99extidentifier)";
				PRODUCT_NAME = "$(TARGET_NAME:c99extidentifier)";
				SKIP_INSTALL = YES;
				TARGET_NAME = SwiftyLogger;
			};
			name = Debug;
		};
		OBJ_18 /* Release */ = {
			isa = XCBuildConfiguration;
			buildSettings = {
				ENABLE_TESTABILITY = YES;
				FRAMEWORK_SEARCH_PATHS = (
					"$(inherited)",
					"$(PLATFORM_DIR)/Developer/Library/Frameworks",
				);
				HEADER_SEARCH_PATHS = "$(inherited)";
				INFOPLIST_FILE = SwiftyLogger.xcodeproj/SwiftyLogger_Info.plist;
				LD_RUNPATH_SEARCH_PATHS = "$(TOOLCHAIN_DIR)/usr/lib/swift/macosx";
				OTHER_LDFLAGS = "$(inherited)";
				OTHER_SWIFT_FLAGS = "$(inherited)";
				PRODUCT_BUNDLE_IDENTIFIER = SwiftyLogger;
				PRODUCT_MODULE_NAME = "$(TARGET_NAME:c99extidentifier)";
				PRODUCT_NAME = "$(TARGET_NAME:c99extidentifier)";
				SKIP_INSTALL = YES;
				TARGET_NAME = SwiftyLogger;
			};
			name = Release;
		};
		OBJ_24 /* Debug */ = {
			isa = XCBuildConfiguration;
			buildSettings = {
				EMBEDDED_CONTENT_CONTAINS_SWIFT = YES;
				FRAMEWORK_SEARCH_PATHS = (
					"$(inherited)",
					"$(PLATFORM_DIR)/Developer/Library/Frameworks",
				);
				HEADER_SEARCH_PATHS = "$(inherited)";
				INFOPLIST_FILE = SwiftyLogger.xcodeproj/SwiftyLoggerTests_Info.plist;
				LD_RUNPATH_SEARCH_PATHS = "@loader_path/../Frameworks @loader_path/Frameworks";
				OTHER_LDFLAGS = "$(inherited)";
				OTHER_SWIFT_FLAGS = "$(inherited)";
				TARGET_NAME = SwiftyLoggerTests;
			};
			name = Debug;
		};
		OBJ_25 /* Release */ = {
			isa = XCBuildConfiguration;
			buildSettings = {
				EMBEDDED_CONTENT_CONTAINS_SWIFT = YES;
				FRAMEWORK_SEARCH_PATHS = (
					"$(inherited)",
					"$(PLATFORM_DIR)/Developer/Library/Frameworks",
				);
				HEADER_SEARCH_PATHS = "$(inherited)";
				INFOPLIST_FILE = SwiftyLogger.xcodeproj/SwiftyLoggerTests_Info.plist;
				LD_RUNPATH_SEARCH_PATHS = "@loader_path/../Frameworks @loader_path/Frameworks";
				OTHER_LDFLAGS = "$(inherited)";
				OTHER_SWIFT_FLAGS = "$(inherited)";
				TARGET_NAME = SwiftyLoggerTests;
			};
			name = Release;
		};
		OBJ_3 /* Debug */ = {
			isa = XCBuildConfiguration;
			buildSettings = {
				CLANG_ENABLE_OBJC_ARC = YES;
				COMBINE_HIDPI_IMAGES = YES;
				COPY_PHASE_STRIP = NO;
				DEBUG_INFORMATION_FORMAT = dwarf;
				DYLIB_INSTALL_NAME_BASE = "@rpath";
				ENABLE_NS_ASSERTIONS = YES;
				GCC_OPTIMIZATION_LEVEL = 0;
				MACOSX_DEPLOYMENT_TARGET = 10.10;
				ONLY_ACTIVE_ARCH = YES;
				OTHER_SWIFT_FLAGS = "-DXcode";
				PRODUCT_NAME = "$(TARGET_NAME)";
				SDKROOT = macosx;
				SUPPORTED_PLATFORMS = "macosx iphoneos iphonesimulator appletvos appletvsimulator watchos watchsimulator";
				SWIFT_ACTIVE_COMPILATION_CONDITIONS = SWIFT_PACKAGE;
				SWIFT_OPTIMIZATION_LEVEL = "-Onone";
				SWIFT_VERSION = 3.0;
				USE_HEADERMAP = NO;
			};
			name = Debug;
		};
		OBJ_4 /* Release */ = {
			isa = XCBuildConfiguration;
			buildSettings = {
				CLANG_ENABLE_OBJC_ARC = YES;
				COMBINE_HIDPI_IMAGES = YES;
				COPY_PHASE_STRIP = YES;
				DEBUG_INFORMATION_FORMAT = "dwarf-with-dsym";
				DYLIB_INSTALL_NAME_BASE = "@rpath";
				GCC_OPTIMIZATION_LEVEL = s;
				MACOSX_DEPLOYMENT_TARGET = 10.10;
				OTHER_SWIFT_FLAGS = "-DXcode";
				PRODUCT_NAME = "$(TARGET_NAME)";
				SDKROOT = macosx;
				SUPPORTED_PLATFORMS = "macosx iphoneos iphonesimulator appletvos appletvsimulator watchos watchsimulator";
				SWIFT_ACTIVE_COMPILATION_CONDITIONS = SWIFT_PACKAGE;
				SWIFT_OPTIMIZATION_LEVEL = "-Owholemodule";
				SWIFT_VERSION = 3.0;
				USE_HEADERMAP = NO;
			};
			name = Release;
		};
/* End XCBuildConfiguration section */

/* Begin XCConfigurationList section */
		OBJ_16 /* Build configuration list for PBXNativeTarget "SwiftyLogger" */ = {
			isa = XCConfigurationList;
			buildConfigurations = (
				OBJ_17 /* Debug */,
				OBJ_18 /* Release */,
			);
			defaultConfigurationIsVisible = 0;
			defaultConfigurationName = Debug;
		};
		OBJ_2 /* Build configuration list for PBXProject "SwiftyLogger" */ = {
			isa = XCConfigurationList;
			buildConfigurations = (
				OBJ_3 /* Debug */,
				OBJ_4 /* Release */,
			);
			defaultConfigurationIsVisible = 0;
			defaultConfigurationName = Debug;
		};
		OBJ_23 /* Build configuration list for PBXNativeTarget "SwiftyLoggerTests" */ = {
			isa = XCConfigurationList;
			buildConfigurations = (
				OBJ_24 /* Debug */,
				OBJ_25 /* Release */,
			);
			defaultConfigurationIsVisible = 0;
			defaultConfigurationName = Debug;
		};
/* End XCConfigurationList section */
	};
	rootObject = OBJ_1 /* Project object */;
}
